// !$*UTF8*$!
{
	archiveVersion = 1;
	classes = {
	};
	objectVersion = 55;
	objects = {

/* Begin PBXBuildFile section */
		A60F7D4A27CF4E4F00200E68 /* AppDelegate.swift in Sources */ = {isa = PBXBuildFile; fileRef = A60F7D4927CF4E4F00200E68 /* AppDelegate.swift */; };
		A60F7D4C27CF4E4F00200E68 /* SceneDelegate.swift in Sources */ = {isa = PBXBuildFile; fileRef = A60F7D4B27CF4E4F00200E68 /* SceneDelegate.swift */; };
		A60F7D4E27CF4E4F00200E68 /* ViewController.swift in Sources */ = {isa = PBXBuildFile; fileRef = A60F7D4D27CF4E4F00200E68 /* ViewController.swift */; };
		A60F7D5327CF4E5100200E68 /* Assets.xcassets in Resources */ = {isa = PBXBuildFile; fileRef = A60F7D5227CF4E5100200E68 /* Assets.xcassets */; };
		A60F7D5627CF4E5100200E68 /* LaunchScreen.storyboard in Resources */ = {isa = PBXBuildFile; fileRef = A60F7D5427CF4E5100200E68 /* LaunchScreen.storyboard */; };
		A60F7D5E27CF4EFD00200E68 /* Main.storyboard in Resources */ = {isa = PBXBuildFile; fileRef = A60F7D5D27CF4EFD00200E68 /* Main.storyboard */; };
		A60F7D6227CF4FCB00200E68 /* NWReachability+Combine.swift in Sources */ = {isa = PBXBuildFile; fileRef = A60F7D6027CF4FCA00200E68 /* NWReachability+Combine.swift */; };
		A60F7D6327CF4FCB00200E68 /* NWReachability.swift in Sources */ = {isa = PBXBuildFile; fileRef = A60F7D6127CF4FCA00200E68 /* NWReachability.swift */; };
/* End PBXBuildFile section */

/* Begin PBXFileReference section */
		A60F7D4627CF4E4F00200E68 /* NWReachability.app */ = {isa = PBXFileReference; explicitFileType = wrapper.application; includeInIndex = 0; path = NWReachability.app; sourceTree = BUILT_PRODUCTS_DIR; };
		A60F7D4927CF4E4F00200E68 /* AppDelegate.swift */ = {isa = PBXFileReference; lastKnownFileType = sourcecode.swift; path = AppDelegate.swift; sourceTree = "<group>"; };
		A60F7D4B27CF4E4F00200E68 /* SceneDelegate.swift */ = {isa = PBXFileReference; lastKnownFileType = sourcecode.swift; path = SceneDelegate.swift; sourceTree = "<group>"; };
		A60F7D4D27CF4E4F00200E68 /* ViewController.swift */ = {isa = PBXFileReference; lastKnownFileType = sourcecode.swift; path = ViewController.swift; sourceTree = "<group>"; };
		A60F7D5227CF4E5100200E68 /* Assets.xcassets */ = {isa = PBXFileReference; lastKnownFileType = folder.assetcatalog; path = Assets.xcassets; sourceTree = "<group>"; };
		A60F7D5527CF4E5100200E68 /* Base */ = {isa = PBXFileReference; lastKnownFileType = file.storyboard; name = Base; path = Base.lproj/LaunchScreen.storyboard; sourceTree = "<group>"; };
		A60F7D5727CF4E5100200E68 /* Info.plist */ = {isa = PBXFileReference; lastKnownFileType = text.plist.xml; path = Info.plist; sourceTree = "<group>"; };
		A60F7D5D27CF4EFD00200E68 /* Main.storyboard */ = {isa = PBXFileReference; fileEncoding = 4; lastKnownFileType = file.storyboard; path = Main.storyboard; sourceTree = "<group>"; };
		A60F7D6027CF4FCA00200E68 /* NWReachability+Combine.swift */ = {isa = PBXFileReference; fileEncoding = 4; lastKnownFileType = sourcecode.swift; path = "NWReachability+Combine.swift"; sourceTree = "<group>"; };
		A60F7D6127CF4FCA00200E68 /* NWReachability.swift */ = {isa = PBXFileReference; fileEncoding = 4; lastKnownFileType = sourcecode.swift; path = NWReachability.swift; sourceTree = "<group>"; };
/* End PBXFileReference section */

/* Begin PBXFrameworksBuildPhase section */
		A60F7D4327CF4E4F00200E68 /* Frameworks */ = {
			isa = PBXFrameworksBuildPhase;
			buildActionMask = 2147483647;
			files = (
			);
			runOnlyForDeploymentPostprocessing = 0;
		};
/* End PBXFrameworksBuildPhase section */

/* Begin PBXGroup section */
		A60F7D3D27CF4E4F00200E68 = {
			isa = PBXGroup;
			children = (
				A60F7D4827CF4E4F00200E68 /* NWReachability */,
				A60F7D4727CF4E4F00200E68 /* Products */,
			);
			sourceTree = "<group>";
		};
		A60F7D4727CF4E4F00200E68 /* Products */ = {
			isa = PBXGroup;
			children = (
				A60F7D4627CF4E4F00200E68 /* NWReachability.app */,
			);
			name = Products;
			sourceTree = "<group>";
		};
		A60F7D4827CF4E4F00200E68 /* NWReachability */ = {
			isa = PBXGroup;
			children = (
				A60F7D5F27CF4FCA00200E68 /* Connectivity */,
				A60F7D4927CF4E4F00200E68 /* AppDelegate.swift */,
				A60F7D4B27CF4E4F00200E68 /* SceneDelegate.swift */,
				A60F7D4D27CF4E4F00200E68 /* ViewController.swift */,
				A60F7D5D27CF4EFD00200E68 /* Main.storyboard */,
				A60F7D5227CF4E5100200E68 /* Assets.xcassets */,
				A60F7D5427CF4E5100200E68 /* LaunchScreen.storyboard */,
				A60F7D5727CF4E5100200E68 /* Info.plist */,
			);
			path = NWReachability;
			sourceTree = "<group>";
		};
		A60F7D5F27CF4FCA00200E68 /* Connectivity */ = {
			isa = PBXGroup;
			children = (
				A60F7D6027CF4FCA00200E68 /* NWReachability+Combine.swift */,
				A60F7D6127CF4FCA00200E68 /* NWReachability.swift */,
			);
			path = Connectivity;
			sourceTree = SOURCE_ROOT;
		};
/* End PBXGroup section */

/* Begin PBXNativeTarget section */
		A60F7D4527CF4E4F00200E68 /* NWReachability */ = {
			isa = PBXNativeTarget;
			buildConfigurationList = A60F7D5A27CF4E5100200E68 /* Build configuration list for PBXNativeTarget "NWReachability" */;
			buildPhases = (
				A60F7D4227CF4E4F00200E68 /* Sources */,
				A60F7D4327CF4E4F00200E68 /* Frameworks */,
				A60F7D4427CF4E4F00200E68 /* Resources */,
			);
			buildRules = (
			);
			dependencies = (
			);
			name = NWReachability;
			productName = NWReachability;
			productReference = A60F7D4627CF4E4F00200E68 /* NWReachability.app */;
			productType = "com.apple.product-type.application";
		};
/* End PBXNativeTarget section */

/* Begin PBXProject section */
		A60F7D3E27CF4E4F00200E68 /* Project object */ = {
			isa = PBXProject;
			attributes = {
				BuildIndependentTargetsInParallel = 1;
				LastSwiftUpdateCheck = 1320;
				LastUpgradeCheck = 1320;
				TargetAttributes = {
					A60F7D4527CF4E4F00200E68 = {
						CreatedOnToolsVersion = 13.2.1;
					};
				};
			};
			buildConfigurationList = A60F7D4127CF4E4F00200E68 /* Build configuration list for PBXProject "NWReachability" */;
			compatibilityVersion = "Xcode 13.0";
			developmentRegion = en;
			hasScannedForEncodings = 0;
			knownRegions = (
				en,
				Base,
			);
			mainGroup = A60F7D3D27CF4E4F00200E68;
			productRefGroup = A60F7D4727CF4E4F00200E68 /* Products */;
			projectDirPath = "";
			projectRoot = "";
			targets = (
				A60F7D4527CF4E4F00200E68 /* NWReachability */,
			);
		};
/* End PBXProject section */

/* Begin PBXResourcesBuildPhase section */
		A60F7D4427CF4E4F00200E68 /* Resources */ = {
			isa = PBXResourcesBuildPhase;
			buildActionMask = 2147483647;
			files = (
				A60F7D5627CF4E5100200E68 /* LaunchScreen.storyboard in Resources */,
				A60F7D5327CF4E5100200E68 /* Assets.xcassets in Resources */,
				A60F7D5E27CF4EFD00200E68 /* Main.storyboard in Resources */,
			);
			runOnlyForDeploymentPostprocessing = 0;
		};
/* End PBXResourcesBuildPhase section */

/* Begin PBXSourcesBuildPhase section */
		A60F7D4227CF4E4F00200E68 /* Sources */ = {
			isa = PBXSourcesBuildPhase;
			buildActionMask = 2147483647;
			files = (
				A60F7D6227CF4FCB00200E68 /* NWReachability+Combine.swift in Sources */,
				A60F7D4E27CF4E4F00200E68 /* ViewController.swift in Sources */,
				A60F7D6327CF4FCB00200E68 /* NWReachability.swift in Sources */,
				A60F7D4A27CF4E4F00200E68 /* AppDelegate.swift in Sources */,
				A60F7D4C27CF4E4F00200E68 /* SceneDelegate.swift in Sources */,
			);
			runOnlyForDeploymentPostprocessing = 0;
		};
/* End PBXSourcesBuildPhase section */

/* Begin PBXVariantGroup section */
		A60F7D5427CF4E5100200E68 /* LaunchScreen.storyboard */ = {
			isa = PBXVariantGroup;
			children = (
				A60F7D5527CF4E5100200E68 /* Base */,
			);
			name = LaunchScreen.storyboard;
			sourceTree = "<group>";
		};
/* End PBXVariantGroup section */

/* Begin XCBuildConfiguration section */
		A60F7D5827CF4E5100200E68 /* Debug */ = {
			isa = XCBuildConfiguration;
			buildSettings = {
				ALWAYS_SEARCH_USER_PATHS = NO;
				CLANG_ANALYZER_NONNULL = YES;
				CLANG_ANALYZER_NUMBER_OBJECT_CONVERSION = YES_AGGRESSIVE;
				CLANG_CXX_LANGUAGE_STANDARD = "gnu++17";
				CLANG_CXX_LIBRARY = "libc++";
				CLANG_ENABLE_MODULES = YES;
				CLANG_ENABLE_OBJC_ARC = YES;
				CLANG_ENABLE_OBJC_WEAK = YES;
				CLANG_WARN_BLOCK_CAPTURE_AUTORELEASING = YES;
				CLANG_WARN_BOOL_CONVERSION = YES;
				CLANG_WARN_COMMA = YES;
				CLANG_WARN_CONSTANT_CONVERSION = YES;
				CLANG_WARN_DEPRECATED_OBJC_IMPLEMENTATIONS = YES;
				CLANG_WARN_DIRECT_OBJC_ISA_USAGE = YES_ERROR;
				CLANG_WARN_DOCUMENTATION_COMMENTS = YES;
				CLANG_WARN_EMPTY_BODY = YES;
				CLANG_WARN_ENUM_CONVERSION = YES;
				CLANG_WARN_INFINITE_RECURSION = YES;
				CLANG_WARN_INT_CONVERSION = YES;
				CLANG_WARN_NON_LITERAL_NULL_CONVERSION = YES;
				CLANG_WARN_OBJC_IMPLICIT_RETAIN_SELF = YES;
				CLANG_WARN_OBJC_LITERAL_CONVERSION = YES;
				CLANG_WARN_OBJC_ROOT_CLASS = YES_ERROR;
				CLANG_WARN_QUOTED_INCLUDE_IN_FRAMEWORK_HEADER = YES;
				CLANG_WARN_RANGE_LOOP_ANALYSIS = YES;
				CLANG_WARN_STRICT_PROTOTYPES = YES;
				CLANG_WARN_SUSPICIOUS_MOVE = YES;
				CLANG_WARN_UNGUARDED_AVAILABILITY = YES_AGGRESSIVE;
				CLANG_WARN_UNREACHABLE_CODE = YES;
				CLANG_WARN__DUPLICATE_METHOD_MATCH = YES;
				COPY_PHASE_STRIP = NO;
				DEBUG_INFORMATION_FORMAT = dwarf;
				ENABLE_STRICT_OBJC_MSGSEND = YES;
				ENABLE_TESTABILITY = YES;
				GCC_C_LANGUAGE_STANDARD = gnu11;
				GCC_DYNAMIC_NO_PIC = NO;
				GCC_NO_COMMON_BLOCKS = YES;
				GCC_OPTIMIZATION_LEVEL = 0;
				GCC_PREPROCESSOR_DEFINITIONS = (
					"DEBUG=1",
					"$(inherited)",
				);
				GCC_WARN_64_TO_32_BIT_CONVERSION = YES;
				GCC_WARN_ABOUT_RETURN_TYPE = YES_ERROR;
				GCC_WARN_UNDECLARED_SELECTOR = YES;
				GCC_WARN_UNINITIALIZED_AUTOS = YES_AGGRESSIVE;
				GCC_WARN_UNUSED_FUNCTION = YES;
				GCC_WARN_UNUSED_VARIABLE = YES;
				IPHONEOS_DEPLOYMENT_TARGET = 13.0;
				MTL_ENABLE_DEBUG_INFO = INCLUDE_SOURCE;
				MTL_FAST_MATH = YES;
				ONLY_ACTIVE_ARCH = YES;
				SDKROOT = iphoneos;
				SWIFT_ACTIVE_COMPILATION_CONDITIONS = DEBUG;
				SWIFT_OPTIMIZATION_LEVEL = "-Onone";
			};
			name = Debug;
		};
		A60F7D5927CF4E5100200E68 /* Release */ = {
			isa = XCBuildConfiguration;
			buildSettings = {
				ALWAYS_SEARCH_USER_PATHS = NO;
				CLANG_ANALYZER_NONNULL = YES;
				CLANG_ANALYZER_NUMBER_OBJECT_CONVERSION = YES_AGGRESSIVE;
				CLANG_CXX_LANGUAGE_STANDARD = "gnu++17";
				CLANG_CXX_LIBRARY = "libc++";
				CLANG_ENABLE_MODULES = YES;
				CLANG_ENABLE_OBJC_ARC = YES;
				CLANG_ENABLE_OBJC_WEAK = YES;
				CLANG_WARN_BLOCK_CAPTURE_AUTORELEASING = YES;
				CLANG_WARN_BOOL_CONVERSION = YES;
				CLANG_WARN_COMMA = YES;
				CLANG_WARN_CONSTANT_CONVERSION = YES;
				CLANG_WARN_DEPRECATED_OBJC_IMPLEMENTATIONS = YES;
				CLANG_WARN_DIRECT_OBJC_ISA_USAGE = YES_ERROR;
				CLANG_WARN_DOCUMENTATION_COMMENTS = YES;
				CLANG_WARN_EMPTY_BODY = YES;
				CLANG_WARN_ENUM_CONVERSION = YES;
				CLANG_WARN_INFINITE_RECURSION = YES;
				CLANG_WARN_INT_CONVERSION = YES;
				CLANG_WARN_NON_LITERAL_NULL_CONVERSION = YES;
				CLANG_WARN_OBJC_IMPLICIT_RETAIN_SELF = YES;
				CLANG_WARN_OBJC_LITERAL_CONVERSION = YES;
				CLANG_WARN_OBJC_ROOT_CLASS = YES_ERROR;
				CLANG_WARN_QUOTED_INCLUDE_IN_FRAMEWORK_HEADER = YES;
				CLANG_WARN_RANGE_LOOP_ANALYSIS = YES;
				CLANG_WARN_STRICT_PROTOTYPES = YES;
				CLANG_WARN_SUSPICIOUS_MOVE = YES;
				CLANG_WARN_UNGUARDED_AVAILABILITY = YES_AGGRESSIVE;
				CLANG_WARN_UNREACHABLE_CODE = YES;
				CLANG_WARN__DUPLICATE_METHOD_MATCH = YES;
				COPY_PHASE_STRIP = NO;
				DEBUG_INFORMATION_FORMAT = "dwarf-with-dsym";
				ENABLE_NS_ASSERTIONS = NO;
				ENABLE_STRICT_OBJC_MSGSEND = YES;
				GCC_C_LANGUAGE_STANDARD = gnu11;
				GCC_NO_COMMON_BLOCKS = YES;
				GCC_WARN_64_TO_32_BIT_CONVERSION = YES;
				GCC_WARN_ABOUT_RETURN_TYPE = YES_ERROR;
				GCC_WARN_UNDECLARED_SELECTOR = YES;
				GCC_WARN_UNINITIALIZED_AUTOS = YES_AGGRESSIVE;
				GCC_WARN_UNUSED_FUNCTION = YES;
				GCC_WARN_UNUSED_VARIABLE = YES;
				IPHONEOS_DEPLOYMENT_TARGET = 13.0;
				MTL_ENABLE_DEBUG_INFO = NO;
				MTL_FAST_MATH = YES;
				SDKROOT = iphoneos;
				SWIFT_COMPILATION_MODE = wholemodule;
				SWIFT_OPTIMIZATION_LEVEL = "-O";
				VALIDATE_PRODUCT = YES;
			};
			name = Release;
		};
		A60F7D5B27CF4E5100200E68 /* Debug */ = {
			isa = XCBuildConfiguration;
			buildSettings = {
				ASSETCATALOG_COMPILER_APPICON_NAME = AppIcon;
				ASSETCATALOG_COMPILER_GLOBAL_ACCENT_COLOR_NAME = AccentColor;
				CODE_SIGN_STYLE = Automatic;
				CURRENT_PROJECT_VERSION = 1;
				GENERATE_INFOPLIST_FILE = YES;
				INFOPLIST_FILE = NWReachability/Info.plist;
				INFOPLIST_KEY_UIApplicationSupportsIndirectInputEvents = YES;
				INFOPLIST_KEY_UILaunchStoryboardName = LaunchScreen;
				INFOPLIST_KEY_UIMainStoryboardFile = Main;
				INFOPLIST_KEY_UISupportedInterfaceOrientations_iPad = "UIInterfaceOrientationPortrait UIInterfaceOrientationPortraitUpsideDown UIInterfaceOrientationLandscapeLeft UIInterfaceOrientationLandscapeRight";
				INFOPLIST_KEY_UISupportedInterfaceOrientations_iPhone = "UIInterfaceOrientationPortrait UIInterfaceOrientationLandscapeLeft UIInterfaceOrientationLandscapeRight";
				LD_RUNPATH_SEARCH_PATHS = (
					"$(inherited)",
					"@executable_path/Frameworks",
				);
				MARKETING_VERSION = 1.0;
				PRODUCT_BUNDLE_IDENTIFIER = ai.NWReachability;
				PRODUCT_NAME = "$(TARGET_NAME)";
				SWIFT_EMIT_LOC_STRINGS = YES;
				SWIFT_VERSION = 5.0;
				TARGETED_DEVICE_FAMILY = "1,2";
			};
			name = Debug;
		};
		A60F7D5C27CF4E5100200E68 /* Release */ = {
			isa = XCBuildConfiguration;
			buildSettings = {
				ASSETCATALOG_COMPILER_APPICON_NAME = AppIcon;
				ASSETCATALOG_COMPILER_GLOBAL_ACCENT_COLOR_NAME = AccentColor;
				CODE_SIGN_STYLE = Automatic;
				CURRENT_PROJECT_VERSION = 1;
				GENERATE_INFOPLIST_FILE = YES;
				INFOPLIST_FILE = NWReachability/Info.plist;
				INFOPLIST_KEY_UIApplicationSupportsIndirectInputEvents = YES;
				INFOPLIST_KEY_UILaunchStoryboardName = LaunchScreen;
				INFOPLIST_KEY_UIMainStoryboardFile = Main;
				INFOPLIST_KEY_UISupportedInterfaceOrientations_iPad = "UIInterfaceOrientationPortrait UIInterfaceOrientationPortraitUpsideDown UIInterfaceOrientationLandscapeLeft UIInterfaceOrientationLandscapeRight";
				INFOPLIST_KEY_UISupportedInterfaceOrientations_iPhone = "UIInterfaceOrientationPortrait UIInterfaceOrientationLandscapeLeft UIInterfaceOrientationLandscapeRight";
				LD_RUNPATH_SEARCH_PATHS = (
					"$(inherited)",
					"@executable_path/Frameworks",
				);
				MARKETING_VERSION = 1.0;
				PRODUCT_BUNDLE_IDENTIFIER = ai.NWReachability;
				PRODUCT_NAME = "$(TARGET_NAME)";
				SWIFT_EMIT_LOC_STRINGS = YES;
				SWIFT_VERSION = 5.0;
				TARGETED_DEVICE_FAMILY = "1,2";
			};
			name = Release;
		};
/* End XCBuildConfiguration section */

/* Begin XCConfigurationList section */
		A60F7D4127CF4E4F00200E68 /* Build configuration list for PBXProject "NWReachability" */ = {
			isa = XCConfigurationList;
			buildConfigurations = (
				A60F7D5827CF4E5100200E68 /* Debug */,
				A60F7D5927CF4E5100200E68 /* Release */,
			);
			defaultConfigurationIsVisible = 0;
			defaultConfigurationName = Release;
		};
		A60F7D5A27CF4E5100200E68 /* Build configuration list for PBXNativeTarget "NWReachability" */ = {
			isa = XCConfigurationList;
			buildConfigurations = (
				A60F7D5B27CF4E5100200E68 /* Debug */,
				A60F7D5C27CF4E5100200E68 /* Release */,
			);
			defaultConfigurationIsVisible = 0;
			defaultConfigurationName = Release;
		};
/* End XCConfigurationList section */
	};
	rootObject = A60F7D3E27CF4E4F00200E68 /* Project object */;
}
